
Microsoft Visual Studio Solution File, Format Version 12.00
# Visual Studio Version 16
VisualStudioVersion = 16.0.31129.286
MinimumVisualStudioVersion = 10.0.40219.1
Project("{FAE04EC0-301F-11D3-BF4B-00C04F79EFBC}") = "Heatmap", "Heatmap.csproj", "{235DE31A-20B8-418E-A91A-59878E63CCF2}"
EndProject
Global
	GlobalSection(SolutionConfigurationPlatforms) = preSolution
		Debug|Any CPU = Debug|Any CPU
		Release|Any CPU = Release|Any CPU
	EndGlobalSection
	GlobalSection(ProjectConfigurationPlatforms) = postSolution
		{235DE31A-20B8-418E-A91A-59878E63CCF2}.Debug|Any CPU.ActiveCfg = Debug|Any CPU
		{235DE31A-20B8-418E-A91A-59878E63CCF2}.Debug|Any CPU.Build.0 = Debug|Any CPU
		{235DE31A-20B8-418E-A91A-59878E63CCF2}.Release|Any CPU.ActiveCfg = Release|Any CPU
		{235DE31A-20B8-418E-A91A-59878E63CCF2}.Release|Any CPU.Build.0 = Release|Any CPU
	EndGlobalSection
	GlobalSection(SolutionProperties) = preSolution
		HideSolutionNode = FALSE
	EndGlobalSection
	GlobalSection(ExtensibilityGlobals) = postSolution
		SolutionGuid = {FA96C782-312C-4D0F-8D57-268066B6FAA6}
	EndGlobalSection
EndGlobal
